
Microsoft Visual Studio Solution File, Format Version 12.00
# Visual Studio 15
VisualStudioVersion = 15.0.28010.2041
MinimumVisualStudioVersion = 10.0.40219.1
Project("{FAE04EC0-301F-11D3-BF4B-00C04F79EFBC}") = "Week 1 Capstone", "Week 1 Capstone\Week 1 Capstone.csproj", "{5EA93485-4496-40F2-9356-26CE6E25FCE5}"
EndProject
Global
	GlobalSection(SolutionConfigurationPlatforms) = preSolution
		Debug|Any CPU = Debug|Any CPU
		Release|Any CPU = Release|Any CPU
	EndGlobalSection
	GlobalSection(ProjectConfigurationPlatforms) = postSolution
		{5EA93485-4496-40F2-9356-26CE6E25FCE5}.Debug|Any CPU.ActiveCfg = Debug|Any CPU
		{5EA93485-4496-40F2-9356-26CE6E25FCE5}.Debug|Any CPU.Build.0 = Debug|Any CPU
		{5EA93485-4496-40F2-9356-26CE6E25FCE5}.Release|Any CPU.ActiveCfg = Release|Any CPU
		{5EA93485-4496-40F2-9356-26CE6E25FCE5}.Release|Any CPU.Build.0 = Release|Any CPU
	EndGlobalSection
	GlobalSection(SolutionProperties) = preSolution
		HideSolutionNode = FALSE
	EndGlobalSection
	GlobalSection(ExtensibilityGlobals) = postSolution
		SolutionGuid = {5746A9AC-236F-469E-91F5-153B66F3214F}
	EndGlobalSection
EndGlobal
